
Microsoft Visual Studio Solution File, Format Version 10.00
# Visual Studio 2008
Project("{8BC9CEB8-8B4A-11D0-8D11-00A0C91BC942}") = "toMoodleXML", "toMoodleXML.vcproj", "{FF3C21E9-67E6-4410-9553-5ED6313D7F12}"
EndProject
Global
	GlobalSection(SolutionConfigurationPlatforms) = preSolution
		Debug|Win32 = Debug|Win32
		Release|Win32 = Release|Win32
	EndGlobalSection
	GlobalSection(ProjectConfigurationPlatforms) = postSolution
		{FF3C21E9-67E6-4410-9553-5ED6313D7F12}.Debug|Win32.ActiveCfg = Debug|Win32
		{FF3C21E9-67E6-4410-9553-5ED6313D7F12}.Debug|Win32.Build.0 = Debug|Win32
		{FF3C21E9-67E6-4410-9553-5ED6313D7F12}.Release|Win32.ActiveCfg = Release|Win32
		{FF3C21E9-67E6-4410-9553-5ED6313D7F12}.Release|Win32.Build.0 = Release|Win32
	EndGlobalSection
	GlobalSection(SolutionProperties) = preSolution
		HideSolutionNode = FALSE
	EndGlobalSection
EndGlobal
